
Microsoft Visual Studio Solution File, Format Version 12.00
# Visual Studio 15
VisualStudioVersion = 15.0.26228.4
MinimumVisualStudioVersion = 10.0.40219.1
Project("{FAE04EC0-301F-11D3-BF4B-00C04F79EFBC}") = "Larkyo.WebAPI", "Larkyo.WebAPI\Larkyo.WebAPI.csproj", "{3A8DCA51-F2DE-4274-B834-64331207A993}"
EndProject
Project("{FAE04EC0-301F-11D3-BF4B-00C04F79EFBC}") = "Larkyo.Infrastructure", "Larkyo.Infrastructure\Larkyo.Infrastructure.csproj", "{5699815A-256C-4067-A69C-80E2ADE73D06}"
EndProject
Project("{FAE04EC0-301F-11D3-BF4B-00C04F79EFBC}") = "Larkyo.EF", "Larkyo.EF\Larkyo.EF.csproj", "{35699B6D-D9FC-4E43-AF6E-AE717761551D}"
EndProject
Global
	GlobalSection(SolutionConfigurationPlatforms) = preSolution
		Debug|Any CPU = Debug|Any CPU
		Release|Any CPU = Release|Any CPU
	EndGlobalSection
	GlobalSection(ProjectConfigurationPlatforms) = postSolution
		{3A8DCA51-F2DE-4274-B834-64331207A993}.Debug|Any CPU.ActiveCfg = Debug|Any CPU
		{3A8DCA51-F2DE-4274-B834-64331207A993}.Debug|Any CPU.Build.0 = Debug|Any CPU
		{3A8DCA51-F2DE-4274-B834-64331207A993}.Release|Any CPU.ActiveCfg = Release|Any CPU
		{3A8DCA51-F2DE-4274-B834-64331207A993}.Release|Any CPU.Build.0 = Release|Any CPU
		{5699815A-256C-4067-A69C-80E2ADE73D06}.Debug|Any CPU.ActiveCfg = Debug|Any CPU
		{5699815A-256C-4067-A69C-80E2ADE73D06}.Debug|Any CPU.Build.0 = Debug|Any CPU
		{5699815A-256C-4067-A69C-80E2ADE73D06}.Release|Any CPU.ActiveCfg = Release|Any CPU
		{5699815A-256C-4067-A69C-80E2ADE73D06}.Release|Any CPU.Build.0 = Release|Any CPU
		{35699B6D-D9FC-4E43-AF6E-AE717761551D}.Debug|Any CPU.ActiveCfg = Debug|Any CPU
		{35699B6D-D9FC-4E43-AF6E-AE717761551D}.Debug|Any CPU.Build.0 = Debug|Any CPU
		{35699B6D-D9FC-4E43-AF6E-AE717761551D}.Release|Any CPU.ActiveCfg = Release|Any CPU
		{35699B6D-D9FC-4E43-AF6E-AE717761551D}.Release|Any CPU.Build.0 = Release|Any CPU
	EndGlobalSection
	GlobalSection(SolutionProperties) = preSolution
		HideSolutionNode = FALSE
	EndGlobalSection
EndGlobal
